
Microsoft Visual Studio Solution File, Format Version 12.00
# Visual Studio Version 17
VisualStudioVersion = 17.11.35312.102
MinimumVisualStudioVersion = 10.0.40219.1
Project("{FAE04EC0-301F-11D3-BF4B-00C04F79EFBC}") = "Lab 1", "Lab 1\Lab 1.csproj", "{ED461FE3-2E47-46D7-A38D-52403D6A308F}"
EndProject
Global
	GlobalSection(SolutionConfigurationPlatforms) = preSolution
		Debug|Any CPU = Debug|Any CPU
		Release|Any CPU = Release|Any CPU
	EndGlobalSection
	GlobalSection(ProjectConfigurationPlatforms) = postSolution
		{ED461FE3-2E47-46D7-A38D-52403D6A308F}.Debug|Any CPU.ActiveCfg = Debug|Any CPU
		{ED461FE3-2E47-46D7-A38D-52403D6A308F}.Debug|Any CPU.Build.0 = Debug|Any CPU
		{ED461FE3-2E47-46D7-A38D-52403D6A308F}.Release|Any CPU.ActiveCfg = Release|Any CPU
		{ED461FE3-2E47-46D7-A38D-52403D6A308F}.Release|Any CPU.Build.0 = Release|Any CPU
	EndGlobalSection
	GlobalSection(SolutionProperties) = preSolution
		HideSolutionNode = FALSE
	EndGlobalSection
	GlobalSection(ExtensibilityGlobals) = postSolution
		SolutionGuid = {C187474D-2D57-4D56-9973-2C2F67785DA0}
	EndGlobalSection
EndGlobal
